# This file is automatically @generated by Cargo.
# It is not intended for manual editing.
version = 4

[[package]]
name = "delog-app"
version = "0.1.0"
dependencies = [
 "delog-cache",
 "delog-core",
 "delog-parsers",
 "delog-render",
 "delog-stream",
]

[[package]]
name = "delog-cache"
version = "0.1.0"
dependencies = [
 "delog-core",
]

[[package]]
name = "delog-core"
version = "0.1.0"

[[package]]
name = "delog-parsers"
version = "0.1.0"
dependencies = [
 "delog-core",
]

[[package]]
name = "delog-render"
version = "0.1.0"
dependencies = [
 "delog-cache",
 "delog-core",
]

[[package]]
name = "delog-stream"
version = "0.1.0"
dependencies = [
 "delog-core",
]
